
Microsoft Visual Studio Solution File, Format Version 12.00
# Visual Studio Version 17
VisualStudioVersion = 17.6.33815.320
MinimumVisualStudioVersion = 10.0.40219.1
Project("{FAE04EC0-301F-11D3-BF4B-00C04F79EFBC}") = "Simusr2.Maui.DeviceIdentifier", "Simusr2.Maui.DeviceIdentifier\Simusr2.Maui.DeviceIdentifier.csproj", "{D118C6D7-1902-4C34-B991-9912CA815A89}"
EndProject
Global
	GlobalSection(SolutionConfigurationPlatforms) = preSolution
		Debug|Any CPU = Debug|Any CPU
		Release|Any CPU = Release|Any CPU
	EndGlobalSection
	GlobalSection(ProjectConfigurationPlatforms) = postSolution
		{D118C6D7-1902-4C34-B991-9912CA815A89}.Debug|Any CPU.ActiveCfg = Debug|Any CPU
		{D118C6D7-1902-4C34-B991-9912CA815A89}.Debug|Any CPU.Build.0 = Debug|Any CPU
		{D118C6D7-1902-4C34-B991-9912CA815A89}.Release|Any CPU.ActiveCfg = Release|Any CPU
		{D118C6D7-1902-4C34-B991-9912CA815A89}.Release|Any CPU.Build.0 = Release|Any CPU
	EndGlobalSection
	GlobalSection(SolutionProperties) = preSolution
		HideSolutionNode = FALSE
	EndGlobalSection
	GlobalSection(ExtensibilityGlobals) = postSolution
		SolutionGuid = {5FDB56AF-0E2E-4954-A7B2-DA9D217220F2}
	EndGlobalSection
EndGlobal
